{
    "_readme": [
        "This file locks the dependencies of your project to a known state",
        "Read more about it at https://getcomposer.org/doc/01-basic-usage.md#installing-dependencies",
        "This file is @generated automatically"
    ],
    "content-hash": "3c1cdd8eb44aaa6747c77da504c05262",
    "packages": [
        {
            "name": "teh9/telegram-php-sdk",
            "version": "v1.0.1",
            "source": {
                "type": "git",
                "url": "https://github.com/teh9/telegram-php-sdk.git",
                "reference": "7904d4632495f148ae3af5a7d341b8b5b4bb8ac9"
            },
            "dist": {
                "type": "zip",
                "url": "https://api.github.com/repos/teh9/telegram-php-sdk/zipball/7904d4632495f148ae3af5a7d341b8b5b4bb8ac9",
                "reference": "7904d4632495f148ae3af5a7d341b8b5b4bb8ac9",
                "shasum": ""
            },
            "require": {
                "ext-curl": "*",
                "ext-json": "*",
                "php": ">=7.4"
            },
            "require-dev": {
                "phpunit/phpunit": "^9"
            },
            "type": "library",
            "autoload": {
                "psr-4": {
                    "Teh9\\TelegramPhpSdk\\": "src/"
                }
            },
            "notification-url": "https://packagist.org/downloads/",
            "license": [
                "MIT"
            ],
            "authors": [
                {
                    "name": "teh9",
                    "email": "tengizs.gusevs@gmail.com"
                }
            ],
            "description": "Telegram PHP SDK",
            "keywords": [
                "api",
                "bot",
                "php",
                "telegram"
            ],
            "support": {
                "issues": "https://github.com/teh9/telegram-php-sdk/issues",
                "source": "https://github.com/teh9/telegram-php-sdk/tree/v1.0.1"
            },
            "time": "2022-11-06T22:39:32+00:00"
        },
        {
            "name": "vkcom/vk-php-sdk",
            "version": "5.101.0",
            "source": {
                "type": "git",
                "url": "https://github.com/VKCOM/vk-php-sdk.git",
                "reference": "46a8f76503050c0c6730359fc234a4d6448b8653"
            },
            "dist": {
                "type": "zip",
                "url": "https://api.github.com/repos/VKCOM/vk-php-sdk/zipball/46a8f76503050c0c6730359fc234a4d6448b8653",
                "reference": "46a8f76503050c0c6730359fc234a4d6448b8653",
                "shasum": ""
            },
            "require": {
                "php": ">=7.1"
            },
            "require-dev": {
                "phpunit/phpunit": "^6",
                "vkcom/vk-api-schema": "^5.80.1"
            },
            "type": "library",
            "autoload": {
                "psr-4": {
                    "VK\\": "src/VK"
                }
            },
            "notification-url": "https://packagist.org/downloads/",
            "license": [
                "MIT"
            ],
            "description": "VK PHP SDK",
            "homepage": "https://github.com/VKCOM/vk-php-sdk",
            "keywords": [
                "sdk",
                "vk"
            ],
            "support": {
                "issues": "https://github.com/VKCOM/vk-php-sdk/issues",
                "source": "https://github.com/VKCOM/vk-php-sdk/tree/5.101.0"
            },
            "time": "2019-08-16T12:13:20+00:00"
        }
    ],
    "packages-dev": [],
    "aliases": [],
    "minimum-stability": "stable",
    "stability-flags": [],
    "prefer-stable": false,
    "prefer-lowest": false,
    "platform": [],
    "platform-dev": [],
    "plugin-api-version": "2.3.0"
}
